
Microsoft Visual Studio Solution File, Format Version 12.00
# Visual Studio Version 17
VisualStudioVersion = 17.11.35303.130
MinimumVisualStudioVersion = 10.0.40219.1
Project("{2150E333-8FDC-42A3-9474-1A3956D46DE8}") = "docs", "docs", "{49927F12-B6ED-466B-910B-F32789B61A0D}"
	ProjectSection(SolutionItems) = preProject
		Readme.md = Readme.md
	EndProjectSection
EndProject
Project("{FAE04EC0-301F-11D3-BF4B-00C04F79EFBC}") = "MauiGesture", "MauiGesture\MauiGesture.csproj", "{F1CA81EF-7716-46AC-9064-68870C2DE929}"
EndProject
Global
	GlobalSection(SolutionConfigurationPlatforms) = preSolution
		Debug|Any CPU = Debug|Any CPU
		Release|Any CPU = Release|Any CPU
	EndGlobalSection
	GlobalSection(ProjectConfigurationPlatforms) = postSolution
		{F1CA81EF-7716-46AC-9064-68870C2DE929}.Debug|Any CPU.ActiveCfg = Debug|Any CPU
		{F1CA81EF-7716-46AC-9064-68870C2DE929}.Debug|Any CPU.Build.0 = Debug|Any CPU
		{F1CA81EF-7716-46AC-9064-68870C2DE929}.Debug|Any CPU.Deploy.0 = Debug|Any CPU
		{F1CA81EF-7716-46AC-9064-68870C2DE929}.Release|Any CPU.ActiveCfg = Release|Any CPU
		{F1CA81EF-7716-46AC-9064-68870C2DE929}.Release|Any CPU.Build.0 = Release|Any CPU
		{F1CA81EF-7716-46AC-9064-68870C2DE929}.Release|Any CPU.Deploy.0 = Release|Any CPU
	EndGlobalSection
	GlobalSection(SolutionProperties) = preSolution
		HideSolutionNode = FALSE
	EndGlobalSection
	GlobalSection(ExtensibilityGlobals) = postSolution
		SolutionGuid = {252D1BB4-5820-4C4A-8A99-1AB358732312}
	EndGlobalSection
EndGlobal
