
Microsoft Visual Studio Solution File, Format Version 12.00
# Visual Studio Version 17
VisualStudioVersion = 17.11.35303.130
MinimumVisualStudioVersion = 10.0.40219.1
Project("{9A19103F-16F7-4668-BE54-9A1E7A4F7556}") = "MauiQRDeviceTemplate", "MauiQRDeviceTemplate\MauiQRDeviceTemplate.csproj", "{9CBFBD7F-4487-4D99-95E9-3D0C7527B1F3}"
EndProject
Project("{2150E333-8FDC-42A3-9474-1A3956D46DE8}") = "Elementos de la solución", "Elementos de la solución", "{A1376F67-CDC6-4429-AFF7-CA083E85C9B4}"
	ProjectSection(SolutionItems) = preProject
		..\Readme.md = ..\Readme.md
	EndProjectSection
EndProject
Global
	GlobalSection(SolutionConfigurationPlatforms) = preSolution
		Debug|Any CPU = Debug|Any CPU
		Release|Any CPU = Release|Any CPU
	EndGlobalSection
	GlobalSection(ProjectConfigurationPlatforms) = postSolution
		{9CBFBD7F-4487-4D99-95E9-3D0C7527B1F3}.Debug|Any CPU.ActiveCfg = Debug|Any CPU
		{9CBFBD7F-4487-4D99-95E9-3D0C7527B1F3}.Debug|Any CPU.Build.0 = Debug|Any CPU
		{9CBFBD7F-4487-4D99-95E9-3D0C7527B1F3}.Debug|Any CPU.Deploy.0 = Debug|Any CPU
		{9CBFBD7F-4487-4D99-95E9-3D0C7527B1F3}.Release|Any CPU.ActiveCfg = Release|Any CPU
		{9CBFBD7F-4487-4D99-95E9-3D0C7527B1F3}.Release|Any CPU.Build.0 = Release|Any CPU
		{9CBFBD7F-4487-4D99-95E9-3D0C7527B1F3}.Release|Any CPU.Deploy.0 = Release|Any CPU
	EndGlobalSection
	GlobalSection(SolutionProperties) = preSolution
		HideSolutionNode = FALSE
	EndGlobalSection
	GlobalSection(ExtensibilityGlobals) = postSolution
		SolutionGuid = {BC6FBAC4-6BBD-4A0D-B431-1DE9B6D3D088}
	EndGlobalSection
EndGlobal
