
Microsoft Visual Studio Solution File, Format Version 12.00
# Visual Studio Version 17
VisualStudioVersion = 17.10.34916.146
MinimumVisualStudioVersion = 10.0.40219.1
Project("{9A19103F-16F7-4668-BE54-9A1E7A4F7556}") = "NavegationPage", "NavegationPage\NavegationPage.csproj", "{AEABEA2F-34F4-4C81-BC04-6531B808540B}"
EndProject
Project("{9A19103F-16F7-4668-BE54-9A1E7A4F7556}") = "FlyoutPageNavigation", "FlyoutPageNavigation\FlyoutPageNavigation.csproj", "{1EC72BC6-DCB2-46E2-ADD7-BFC213E84157}"
EndProject
Project("{9A19103F-16F7-4668-BE54-9A1E7A4F7556}") = "FlyoutPageTabNavigation", "FlyoutPageTabNavigation\FlyoutPageTabNavigation.csproj", "{0535A739-6940-4A68-A0F0-01B8D8A8D1AD}"
EndProject
Project("{9A19103F-16F7-4668-BE54-9A1E7A4F7556}") = "Ejemplo1ContentPage", "Ejemplo1ContentPage\Ejemplo1ContentPage.csproj", "{07DA629B-3A5F-429D-903D-B79434F8BA5A}"
EndProject
Project("{FAE04EC0-301F-11D3-BF4B-00C04F79EFBC}") = "Ejemplo3SQLite", "Ejemplo3SQLite\Ejemplo3SQLite.csproj", "{62AA8905-174D-4397-A549-A68BB579F056}"
EndProject
Global
	GlobalSection(SolutionConfigurationPlatforms) = preSolution
		Debug|Any CPU = Debug|Any CPU
		Release|Any CPU = Release|Any CPU
	EndGlobalSection
	GlobalSection(ProjectConfigurationPlatforms) = postSolution
		{AEABEA2F-34F4-4C81-BC04-6531B808540B}.Debug|Any CPU.ActiveCfg = Debug|Any CPU
		{AEABEA2F-34F4-4C81-BC04-6531B808540B}.Debug|Any CPU.Build.0 = Debug|Any CPU
		{AEABEA2F-34F4-4C81-BC04-6531B808540B}.Debug|Any CPU.Deploy.0 = Debug|Any CPU
		{AEABEA2F-34F4-4C81-BC04-6531B808540B}.Release|Any CPU.ActiveCfg = Release|Any CPU
		{AEABEA2F-34F4-4C81-BC04-6531B808540B}.Release|Any CPU.Build.0 = Release|Any CPU
		{AEABEA2F-34F4-4C81-BC04-6531B808540B}.Release|Any CPU.Deploy.0 = Release|Any CPU
		{1EC72BC6-DCB2-46E2-ADD7-BFC213E84157}.Debug|Any CPU.ActiveCfg = Debug|Any CPU
		{1EC72BC6-DCB2-46E2-ADD7-BFC213E84157}.Debug|Any CPU.Build.0 = Debug|Any CPU
		{1EC72BC6-DCB2-46E2-ADD7-BFC213E84157}.Debug|Any CPU.Deploy.0 = Debug|Any CPU
		{1EC72BC6-DCB2-46E2-ADD7-BFC213E84157}.Release|Any CPU.ActiveCfg = Release|Any CPU
		{1EC72BC6-DCB2-46E2-ADD7-BFC213E84157}.Release|Any CPU.Build.0 = Release|Any CPU
		{1EC72BC6-DCB2-46E2-ADD7-BFC213E84157}.Release|Any CPU.Deploy.0 = Release|Any CPU
		{0535A739-6940-4A68-A0F0-01B8D8A8D1AD}.Debug|Any CPU.ActiveCfg = Debug|Any CPU
		{0535A739-6940-4A68-A0F0-01B8D8A8D1AD}.Debug|Any CPU.Build.0 = Debug|Any CPU
		{0535A739-6940-4A68-A0F0-01B8D8A8D1AD}.Debug|Any CPU.Deploy.0 = Debug|Any CPU
		{0535A739-6940-4A68-A0F0-01B8D8A8D1AD}.Release|Any CPU.ActiveCfg = Release|Any CPU
		{0535A739-6940-4A68-A0F0-01B8D8A8D1AD}.Release|Any CPU.Build.0 = Release|Any CPU
		{0535A739-6940-4A68-A0F0-01B8D8A8D1AD}.Release|Any CPU.Deploy.0 = Release|Any CPU
		{07DA629B-3A5F-429D-903D-B79434F8BA5A}.Debug|Any CPU.ActiveCfg = Debug|Any CPU
		{07DA629B-3A5F-429D-903D-B79434F8BA5A}.Debug|Any CPU.Build.0 = Debug|Any CPU
		{07DA629B-3A5F-429D-903D-B79434F8BA5A}.Debug|Any CPU.Deploy.0 = Debug|Any CPU
		{07DA629B-3A5F-429D-903D-B79434F8BA5A}.Release|Any CPU.ActiveCfg = Release|Any CPU
		{07DA629B-3A5F-429D-903D-B79434F8BA5A}.Release|Any CPU.Build.0 = Release|Any CPU
		{07DA629B-3A5F-429D-903D-B79434F8BA5A}.Release|Any CPU.Deploy.0 = Release|Any CPU
		{62AA8905-174D-4397-A549-A68BB579F056}.Debug|Any CPU.ActiveCfg = Debug|Any CPU
		{62AA8905-174D-4397-A549-A68BB579F056}.Debug|Any CPU.Build.0 = Debug|Any CPU
		{62AA8905-174D-4397-A549-A68BB579F056}.Debug|Any CPU.Deploy.0 = Debug|Any CPU
		{62AA8905-174D-4397-A549-A68BB579F056}.Release|Any CPU.ActiveCfg = Release|Any CPU
		{62AA8905-174D-4397-A549-A68BB579F056}.Release|Any CPU.Build.0 = Release|Any CPU
		{62AA8905-174D-4397-A549-A68BB579F056}.Release|Any CPU.Deploy.0 = Release|Any CPU
	EndGlobalSection
	GlobalSection(SolutionProperties) = preSolution
		HideSolutionNode = FALSE
	EndGlobalSection
	GlobalSection(ExtensibilityGlobals) = postSolution
		SolutionGuid = {10E80998-7D1E-4CB3-86DA-057455F057E5}
	EndGlobalSection
EndGlobal
